// !$*UTF8*$!
{
	archiveVersion = 1;
	classes = {
	};
	objectVersion = 51;
	objects = {

/* Begin PBXBuildFile section */
		A7007E63230DEFC5009663D1 /* SponsoredLandingPageViewController.swift in Sources */ = {isa = PBXBuildFile; fileRef = A7007E62230DEFC5009663D1 /* SponsoredLandingPageViewController.swift */; };
		A739EB17230C961900D5DE52 /* ArticleVideoAdCell.xib in Resources */ = {isa = PBXBuildFile; fileRef = A739EB15230C961900D5DE52 /* ArticleVideoAdCell.xib */; };
		A739EB18230C961900D5DE52 /* ArticleCell.xib in Resources */ = {isa = PBXBuildFile; fileRef = A739EB16230C961900D5DE52 /* ArticleCell.xib */; };
		A76EB25C217A58BF00EFDBAE /* AppDelegate.swift in Sources */ = {isa = PBXBuildFile; fileRef = A76EB25B217A58BF00EFDBAE /* AppDelegate.swift */; };
		A76EB25E217A58BF00EFDBAE /* ArticleListViewController.swift in Sources */ = {isa = PBXBuildFile; fileRef = A76EB25D217A58BF00EFDBAE /* ArticleListViewController.swift */; };
		A76EB261217A58BF00EFDBAE /* Main.storyboard in Resources */ = {isa = PBXBuildFile; fileRef = A76EB25F217A58BF00EFDBAE /* Main.storyboard */; };
		A76EB263217A58C000EFDBAE /* Assets.xcassets in Resources */ = {isa = PBXBuildFile; fileRef = A76EB262217A58C000EFDBAE /* Assets.xcassets */; };
		A76EB266217A58C000EFDBAE /* LaunchScreen.storyboard in Resources */ = {isa = PBXBuildFile; fileRef = A76EB264217A58C000EFDBAE /* LaunchScreen.storyboard */; };
		A76EB27C217AA09000EFDBAE /* ArticleViewController.swift in Sources */ = {isa = PBXBuildFile; fileRef = A76EB27B217AA09000EFDBAE /* ArticleViewController.swift */; };
		A76EB27E217AA48500EFDBAE /* SponsoredLandingPageViewController.xib in Resources */ = {isa = PBXBuildFile; fileRef = A76EB27D217AA48500EFDBAE /* SponsoredLandingPageViewController.xib */; };
		A76EB280217AA49600EFDBAE /* ArticleViewController.xib in Resources */ = {isa = PBXBuildFile; fileRef = A76EB27F217AA49600EFDBAE /* ArticleViewController.xib */; };
		A76EB282217AA4CB00EFDBAE /* ArticleCell.swift in Sources */ = {isa = PBXBuildFile; fileRef = A76EB281217AA4CB00EFDBAE /* ArticleCell.swift */; };
		A76EB284217AA4EF00EFDBAE /* ArticleVideoAdCell.swift in Sources */ = {isa = PBXBuildFile; fileRef = A76EB283217AA4EF00EFDBAE /* ArticleVideoAdCell.swift */; };
		A76EB289217E517700EFDBAE /* nativoblog.json in Resources */ = {isa = PBXBuildFile; fileRef = A76EB288217E517700EFDBAE /* nativoblog.json */; };
		A76EB28B217E518100EFDBAE /* sponsoredindicator.png in Resources */ = {isa = PBXBuildFile; fileRef = A76EB28A217E518100EFDBAE /* sponsoredindicator.png */; };
		C6DA63F6BAF2EF4640AE7126 /* Pods_NativoSwiftTableViewSample.framework in Frameworks */ = {isa = PBXBuildFile; fileRef = FD10198CA310E3B4F17C4157 /* Pods_NativoSwiftTableViewSample.framework */; };
/* End PBXBuildFile section */

/* Begin PBXCopyFilesBuildPhase section */
		422B2DE2240DAFFB001A519A /* Embed Frameworks */ = {
			isa = PBXCopyFilesBuildPhase;
			buildActionMask = 2147483647;
			dstPath = "";
			dstSubfolderSpec = 10;
			files = (
			);
			name = "Embed Frameworks";
			runOnlyForDeploymentPostprocessing = 0;
		};
/* End PBXCopyFilesBuildPhase section */

/* Begin PBXFileReference section */
		422B2DDF240DAFFB001A519A /* NativoSDK.framework */ = {isa = PBXFileReference; explicitFileType = wrapper.framework; path = NativoSDK.framework; sourceTree = BUILT_PRODUCTS_DIR; };
		5AF07B29C48BDC025A84F7C4 /* Pods-NativoSwiftTableViewSample.debug.xcconfig */ = {isa = PBXFileReference; includeInIndex = 1; lastKnownFileType = text.xcconfig; name = "Pods-NativoSwiftTableViewSample.debug.xcconfig"; path = "Target Support Files/Pods-NativoSwiftTableViewSample/Pods-NativoSwiftTableViewSample.debug.xcconfig"; sourceTree = "<group>"; };
		65DB2CA83A30FA0953B51E99 /* Pods-NativoSwiftTableViewSample.release.xcconfig */ = {isa = PBXFileReference; includeInIndex = 1; lastKnownFileType = text.xcconfig; name = "Pods-NativoSwiftTableViewSample.release.xcconfig"; path = "Target Support Files/Pods-NativoSwiftTableViewSample/Pods-NativoSwiftTableViewSample.release.xcconfig"; sourceTree = "<group>"; };
		A7007E62230DEFC5009663D1 /* SponsoredLandingPageViewController.swift */ = {isa = PBXFileReference; lastKnownFileType = sourcecode.swift; path = SponsoredLandingPageViewController.swift; sourceTree = "<group>"; };
		A739EB15230C961900D5DE52 /* ArticleVideoAdCell.xib */ = {isa = PBXFileReference; fileEncoding = 4; lastKnownFileType = file.xib; path = ArticleVideoAdCell.xib; sourceTree = "<group>"; };
		A739EB16230C961900D5DE52 /* ArticleCell.xib */ = {isa = PBXFileReference; fileEncoding = 4; lastKnownFileType = file.xib; path = ArticleCell.xib; sourceTree = "<group>"; };
		A76EB258217A58BF00EFDBAE /* NativoSwiftTableViewSample.app */ = {isa = PBXFileReference; explicitFileType = wrapper.application; includeInIndex = 0; path = NativoSwiftTableViewSample.app; sourceTree = BUILT_PRODUCTS_DIR; };
		A76EB25B217A58BF00EFDBAE /* AppDelegate.swift */ = {isa = PBXFileReference; lastKnownFileType = sourcecode.swift; path = AppDelegate.swift; sourceTree = "<group>"; };
		A76EB25D217A58BF00EFDBAE /* ArticleListViewController.swift */ = {isa = PBXFileReference; lastKnownFileType = sourcecode.swift; path = ArticleListViewController.swift; sourceTree = "<group>"; };
		A76EB260217A58BF00EFDBAE /* Base */ = {isa = PBXFileReference; lastKnownFileType = file.storyboard; name = Base; path = Base.lproj/Main.storyboard; sourceTree = "<group>"; };
		A76EB262217A58C000EFDBAE /* Assets.xcassets */ = {isa = PBXFileReference; lastKnownFileType = folder.assetcatalog; path = Assets.xcassets; sourceTree = "<group>"; };
		A76EB265217A58C000EFDBAE /* Base */ = {isa = PBXFileReference; lastKnownFileType = file.storyboard; name = Base; path = Base.lproj/LaunchScreen.storyboard; sourceTree = "<group>"; };
		A76EB267217A58C000EFDBAE /* Info.plist */ = {isa = PBXFileReference; lastKnownFileType = text.plist.xml; path = Info.plist; sourceTree = "<group>"; };
		A76EB276217A96ED00EFDBAE /* AdSupport.framework */ = {isa = PBXFileReference; lastKnownFileType = wrapper.framework; name = AdSupport.framework; path = System/Library/Frameworks/AdSupport.framework; sourceTree = SDKROOT; };
		A76EB27B217AA09000EFDBAE /* ArticleViewController.swift */ = {isa = PBXFileReference; lastKnownFileType = sourcecode.swift; path = ArticleViewController.swift; sourceTree = "<group>"; };
		A76EB27D217AA48500EFDBAE /* SponsoredLandingPageViewController.xib */ = {isa = PBXFileReference; fileEncoding = 4; lastKnownFileType = file.xib; path = SponsoredLandingPageViewController.xib; sourceTree = "<group>"; };
		A76EB27F217AA49600EFDBAE /* ArticleViewController.xib */ = {isa = PBXFileReference; fileEncoding = 4; lastKnownFileType = file.xib; path = ArticleViewController.xib; sourceTree = "<group>"; };
		A76EB281217AA4CB00EFDBAE /* ArticleCell.swift */ = {isa = PBXFileReference; lastKnownFileType = sourcecode.swift; path = ArticleCell.swift; sourceTree = "<group>"; };
		A76EB283217AA4EF00EFDBAE /* ArticleVideoAdCell.swift */ = {isa = PBXFileReference; lastKnownFileType = sourcecode.swift; path = ArticleVideoAdCell.swift; sourceTree = "<group>"; };
		A76EB288217E517700EFDBAE /* nativoblog.json */ = {isa = PBXFileReference; fileEncoding = 4; lastKnownFileType = text.json; path = nativoblog.json; sourceTree = "<group>"; };
		A76EB28A217E518100EFDBAE /* sponsoredindicator.png */ = {isa = PBXFileReference; lastKnownFileType = image.png; path = sponsoredindicator.png; sourceTree = "<group>"; };
		FD10198CA310E3B4F17C4157 /* Pods_NativoSwiftTableViewSample.framework */ = {isa = PBXFileReference; explicitFileType = wrapper.framework; includeInIndex = 0; path = Pods_NativoSwiftTableViewSample.framework; sourceTree = BUILT_PRODUCTS_DIR; };
/* End PBXFileReference section */

/* Begin PBXFrameworksBuildPhase section */
		A76EB255217A58BF00EFDBAE /* Frameworks */ = {
			isa = PBXFrameworksBuildPhase;
			buildActionMask = 2147483647;
			files = (
				C6DA63F6BAF2EF4640AE7126 /* Pods_NativoSwiftTableViewSample.framework in Frameworks */,
			);
			runOnlyForDeploymentPostprocessing = 0;
		};
/* End PBXFrameworksBuildPhase section */

/* Begin PBXGroup section */
		96A087788EB9C721066337B3 /* Pods */ = {
			isa = PBXGroup;
			children = (
				5AF07B29C48BDC025A84F7C4 /* Pods-NativoSwiftTableViewSample.debug.xcconfig */,
				65DB2CA83A30FA0953B51E99 /* Pods-NativoSwiftTableViewSample.release.xcconfig */,
			);
			path = Pods;
			sourceTree = "<group>";
		};
		A76EB24F217A58BF00EFDBAE = {
			isa = PBXGroup;
			children = (
				A76EB25A217A58BF00EFDBAE /* NativoSwiftTableViewSample */,
				A76EB259217A58BF00EFDBAE /* Products */,
				A76EB275217A96ED00EFDBAE /* Frameworks */,
				96A087788EB9C721066337B3 /* Pods */,
			);
			sourceTree = "<group>";
		};
		A76EB259217A58BF00EFDBAE /* Products */ = {
			isa = PBXGroup;
			children = (
				A76EB258217A58BF00EFDBAE /* NativoSwiftTableViewSample.app */,
			);
			name = Products;
			sourceTree = "<group>";
		};
		A76EB25A217A58BF00EFDBAE /* NativoSwiftTableViewSample */ = {
			isa = PBXGroup;
			children = (
				A76EB25B217A58BF00EFDBAE /* AppDelegate.swift */,
				A76EB25D217A58BF00EFDBAE /* ArticleListViewController.swift */,
				A76EB281217AA4CB00EFDBAE /* ArticleCell.swift */,
				A76EB283217AA4EF00EFDBAE /* ArticleVideoAdCell.swift */,
				A76EB27B217AA09000EFDBAE /* ArticleViewController.swift */,
				A7007E62230DEFC5009663D1 /* SponsoredLandingPageViewController.swift */,
				A739EB16230C961900D5DE52 /* ArticleCell.xib */,
				A739EB15230C961900D5DE52 /* ArticleVideoAdCell.xib */,
				A76EB27D217AA48500EFDBAE /* SponsoredLandingPageViewController.xib */,
				A76EB27F217AA49600EFDBAE /* ArticleViewController.xib */,
				A76EB25F217A58BF00EFDBAE /* Main.storyboard */,
				A76EB287217E516500EFDBAE /* Supporting Files */,
			);
			path = NativoSwiftTableViewSample;
			sourceTree = "<group>";
		};
		A76EB275217A96ED00EFDBAE /* Frameworks */ = {
			isa = PBXGroup;
			children = (
				422B2DDF240DAFFB001A519A /* NativoSDK.framework */,
				A76EB276217A96ED00EFDBAE /* AdSupport.framework */,
				FD10198CA310E3B4F17C4157 /* Pods_NativoSwiftTableViewSample.framework */,
			);
			name = Frameworks;
			sourceTree = "<group>";
		};
		A76EB287217E516500EFDBAE /* Supporting Files */ = {
			isa = PBXGroup;
			children = (
				A76EB267217A58C000EFDBAE /* Info.plist */,
				A76EB288217E517700EFDBAE /* nativoblog.json */,
				A76EB28A217E518100EFDBAE /* sponsoredindicator.png */,
				A76EB264217A58C000EFDBAE /* LaunchScreen.storyboard */,
				A76EB262217A58C000EFDBAE /* Assets.xcassets */,
			);
			name = "Supporting Files";
			sourceTree = "<group>";
		};
/* End PBXGroup section */

/* Begin PBXNativeTarget section */
		A76EB257217A58BF00EFDBAE /* NativoSwiftTableViewSample */ = {
			isa = PBXNativeTarget;
			buildConfigurationList = A76EB26A217A58C000EFDBAE /* Build configuration list for PBXNativeTarget "NativoSwiftTableViewSample" */;
			buildPhases = (
				EA375348A858D7B2B40F8E9A /* [CP] Check Pods Manifest.lock */,
				A76EB254217A58BF00EFDBAE /* Sources */,
				A76EB255217A58BF00EFDBAE /* Frameworks */,
				A76EB256217A58BF00EFDBAE /* Resources */,
				422B2DE2240DAFFB001A519A /* Embed Frameworks */,
				7BC6529248BA7ACEC861CD30 /* [CP] Embed Pods Frameworks */,
			);
			buildRules = (
			);
			dependencies = (
			);
			name = NativoSwiftTableViewSample;
			productName = NativoSwiftTableViewSample;
			productReference = A76EB258217A58BF00EFDBAE /* NativoSwiftTableViewSample.app */;
			productType = "com.apple.product-type.application";
		};
/* End PBXNativeTarget section */

/* Begin PBXProject section */
		A76EB250217A58BF00EFDBAE /* Project object */ = {
			isa = PBXProject;
			attributes = {
				LastSwiftUpdateCheck = 1000;
				LastUpgradeCheck = 1210;
				ORGANIZATIONNAME = Nativo;
				TargetAttributes = {
					A76EB257217A58BF00EFDBAE = {
						CreatedOnToolsVersion = 10.0;
						LastSwiftMigration = 1210;
					};
				};
			};
			buildConfigurationList = A76EB253217A58BF00EFDBAE /* Build configuration list for PBXProject "NativoSwiftTableViewSample" */;
			compatibilityVersion = "Xcode 9.3";
			developmentRegion = en;
			hasScannedForEncodings = 0;
			knownRegions = (
				en,
				Base,
			);
			mainGroup = A76EB24F217A58BF00EFDBAE;
			productRefGroup = A76EB259217A58BF00EFDBAE /* Products */;
			projectDirPath = "";
			projectRoot = "";
			targets = (
				A76EB257217A58BF00EFDBAE /* NativoSwiftTableViewSample */,
			);
		};
/* End PBXProject section */

/* Begin PBXResourcesBuildPhase section */
		A76EB256217A58BF00EFDBAE /* Resources */ = {
			isa = PBXResourcesBuildPhase;
			buildActionMask = 2147483647;
			files = (
				A76EB289217E517700EFDBAE /* nativoblog.json in Resources */,
				A76EB28B217E518100EFDBAE /* sponsoredindicator.png in Resources */,
				A76EB266217A58C000EFDBAE /* LaunchScreen.storyboard in Resources */,
				A76EB263217A58C000EFDBAE /* Assets.xcassets in Resources */,
				A739EB18230C961900D5DE52 /* ArticleCell.xib in Resources */,
				A76EB280217AA49600EFDBAE /* ArticleViewController.xib in Resources */,
				A76EB27E217AA48500EFDBAE /* SponsoredLandingPageViewController.xib in Resources */,
				A76EB261217A58BF00EFDBAE /* Main.storyboard in Resources */,
				A739EB17230C961900D5DE52 /* ArticleVideoAdCell.xib in Resources */,
			);
			runOnlyForDeploymentPostprocessing = 0;
		};
/* End PBXResourcesBuildPhase section */

/* Begin PBXShellScriptBuildPhase section */
		7BC6529248BA7ACEC861CD30 /* [CP] Embed Pods Frameworks */ = {
			isa = PBXShellScriptBuildPhase;
			buildActionMask = 2147483647;
			files = (
			);
			inputFileListPaths = (
				"${PODS_ROOT}/Target Support Files/Pods-NativoSwiftTableViewSample/Pods-NativoSwiftTableViewSample-frameworks-${CONFIGURATION}-input-files.xcfilelist",
			);
			name = "[CP] Embed Pods Frameworks";
			outputFileListPaths = (
				"${PODS_ROOT}/Target Support Files/Pods-NativoSwiftTableViewSample/Pods-NativoSwiftTableViewSample-frameworks-${CONFIGURATION}-output-files.xcfilelist",
			);
			runOnlyForDeploymentPostprocessing = 0;
			shellPath = /bin/sh;
			shellScript = "\"${PODS_ROOT}/Target Support Files/Pods-NativoSwiftTableViewSample/Pods-NativoSwiftTableViewSample-frameworks.sh\"\n";
			showEnvVarsInLog = 0;
		};
		EA375348A858D7B2B40F8E9A /* [CP] Check Pods Manifest.lock */ = {
			isa = PBXShellScriptBuildPhase;
			buildActionMask = 2147483647;
			files = (
			);
			inputFileListPaths = (
			);
			inputPaths = (
				"${PODS_PODFILE_DIR_PATH}/Podfile.lock",
				"${PODS_ROOT}/Manifest.lock",
			);
			name = "[CP] Check Pods Manifest.lock";
			outputFileListPaths = (
			);
			outputPaths = (
				"$(DERIVED_FILE_DIR)/Pods-NativoSwiftTableViewSample-checkManifestLockResult.txt",
			);
			runOnlyForDeploymentPostprocessing = 0;
			shellPath = /bin/sh;
			shellScript = "diff \"${PODS_PODFILE_DIR_PATH}/Podfile.lock\" \"${PODS_ROOT}/Manifest.lock\" > /dev/null\nif [ $? != 0 ] ; then\n    # print error to STDERR\n    echo \"error: The sandbox is not in sync with the Podfile.lock. Run 'pod install' or update your CocoaPods installation.\" >&2\n    exit 1\nfi\n# This output is used by Xcode 'outputs' to avoid re-running this script phase.\necho \"SUCCESS\" > \"${SCRIPT_OUTPUT_FILE_0}\"\n";
			showEnvVarsInLog = 0;
		};
/* End PBXShellScriptBuildPhase section */

/* Begin PBXSourcesBuildPhase section */
		A76EB254217A58BF00EFDBAE /* Sources */ = {
			isa = PBXSourcesBuildPhase;
			buildActionMask = 2147483647;
			files = (
				A76EB284217AA4EF00EFDBAE /* ArticleVideoAdCell.swift in Sources */,
				A7007E63230DEFC5009663D1 /* SponsoredLandingPageViewController.swift in Sources */,
				A76EB282217AA4CB00EFDBAE /* ArticleCell.swift in Sources */,
				A76EB25E217A58BF00EFDBAE /* ArticleListViewController.swift in Sources */,
				A76EB27C217AA09000EFDBAE /* ArticleViewController.swift in Sources */,
				A76EB25C217A58BF00EFDBAE /* AppDelegate.swift in Sources */,
			);
			runOnlyForDeploymentPostprocessing = 0;
		};
/* End PBXSourcesBuildPhase section */

/* Begin PBXVariantGroup section */
		A76EB25F217A58BF00EFDBAE /* Main.storyboard */ = {
			isa = PBXVariantGroup;
			children = (
				A76EB260217A58BF00EFDBAE /* Base */,
			);
			name = Main.storyboard;
			sourceTree = "<group>";
		};
		A76EB264217A58C000EFDBAE /* LaunchScreen.storyboard */ = {
			isa = PBXVariantGroup;
			children = (
				A76EB265217A58C000EFDBAE /* Base */,
			);
			name = LaunchScreen.storyboard;
			sourceTree = "<group>";
		};
/* End PBXVariantGroup section */

/* Begin XCBuildConfiguration section */
		A76EB268217A58C000EFDBAE /* Debug */ = {
			isa = XCBuildConfiguration;
			buildSettings = {
				ALWAYS_SEARCH_USER_PATHS = NO;
				CLANG_ANALYZER_NONNULL = YES;
				CLANG_ANALYZER_NUMBER_OBJECT_CONVERSION = YES_AGGRESSIVE;
				CLANG_CXX_LANGUAGE_STANDARD = "gnu++14";
				CLANG_CXX_LIBRARY = "libc++";
				CLANG_ENABLE_MODULES = YES;
				CLANG_ENABLE_OBJC_ARC = YES;
				CLANG_ENABLE_OBJC_WEAK = YES;
				CLANG_WARN_BLOCK_CAPTURE_AUTORELEASING = YES;
				CLANG_WARN_BOOL_CONVERSION = YES;
				CLANG_WARN_COMMA = YES;
				CLANG_WARN_CONSTANT_CONVERSION = YES;
				CLANG_WARN_DEPRECATED_OBJC_IMPLEMENTATIONS = YES;
				CLANG_WARN_DIRECT_OBJC_ISA_USAGE = YES_ERROR;
				CLANG_WARN_DOCUMENTATION_COMMENTS = YES;
				CLANG_WARN_EMPTY_BODY = YES;
				CLANG_WARN_ENUM_CONVERSION = YES;
				CLANG_WARN_INFINITE_RECURSION = YES;
				CLANG_WARN_INT_CONVERSION = YES;
				CLANG_WARN_NON_LITERAL_NULL_CONVERSION = YES;
				CLANG_WARN_OBJC_IMPLICIT_RETAIN_SELF = YES;
				CLANG_WARN_OBJC_LITERAL_CONVERSION = YES;
				CLANG_WARN_OBJC_ROOT_CLASS = YES_ERROR;
				CLANG_WARN_QUOTED_INCLUDE_IN_FRAMEWORK_HEADER = YES;
				CLANG_WARN_RANGE_LOOP_ANALYSIS = YES;
				CLANG_WARN_STRICT_PROTOTYPES = YES;
				CLANG_WARN_SUSPICIOUS_MOVE = YES;
				CLANG_WARN_UNGUARDED_AVAILABILITY = YES_AGGRESSIVE;
				CLANG_WARN_UNREACHABLE_CODE = YES;
				CLANG_WARN__DUPLICATE_METHOD_MATCH = YES;
				CODE_SIGN_IDENTITY = "iPhone Developer";
				COPY_PHASE_STRIP = NO;
				DEBUG_INFORMATION_FORMAT = dwarf;
				ENABLE_STRICT_OBJC_MSGSEND = YES;
				ENABLE_TESTABILITY = YES;
				GCC_C_LANGUAGE_STANDARD = gnu11;
				GCC_DYNAMIC_NO_PIC = NO;
				GCC_NO_COMMON_BLOCKS = YES;
				GCC_OPTIMIZATION_LEVEL = 0;
				GCC_PREPROCESSOR_DEFINITIONS = (
					"DEBUG=1",
					"$(inherited)",
				);
				GCC_WARN_64_TO_32_BIT_CONVERSION = YES;
				GCC_WARN_ABOUT_RETURN_TYPE = YES_ERROR;
				GCC_WARN_UNDECLARED_SELECTOR = YES;
				GCC_WARN_UNINITIALIZED_AUTOS = YES_AGGRESSIVE;
				GCC_WARN_UNUSED_FUNCTION = YES;
				GCC_WARN_UNUSED_VARIABLE = YES;
				IPHONEOS_DEPLOYMENT_TARGET = 11.0;
				MTL_ENABLE_DEBUG_INFO = INCLUDE_SOURCE;
				MTL_FAST_MATH = YES;
				ONLY_ACTIVE_ARCH = YES;
				SDKROOT = iphoneos;
				SWIFT_ACTIVE_COMPILATION_CONDITIONS = DEBUG;
				SWIFT_INSTALL_OBJC_HEADER = NO;
				SWIFT_OPTIMIZATION_LEVEL = "-Onone";
			};
			name = Debug;
		};
		A76EB269217A58C000EFDBAE /* Release */ = {
			isa = XCBuildConfiguration;
			buildSettings = {
				ALWAYS_SEARCH_USER_PATHS = NO;
				CLANG_ANALYZER_NONNULL = YES;
				CLANG_ANALYZER_NUMBER_OBJECT_CONVERSION = YES_AGGRESSIVE;
				CLANG_CXX_LANGUAGE_STANDARD = "gnu++14";
				CLANG_CXX_LIBRARY = "libc++";
				CLANG_ENABLE_MODULES = YES;
				CLANG_ENABLE_OBJC_ARC = YES;
				CLANG_ENABLE_OBJC_WEAK = YES;
				CLANG_WARN_BLOCK_CAPTURE_AUTORELEASING = YES;
				CLANG_WARN_BOOL_CONVERSION = YES;
				CLANG_WARN_COMMA = YES;
				CLANG_WARN_CONSTANT_CONVERSION = YES;
				CLANG_WARN_DEPRECATED_OBJC_IMPLEMENTATIONS = YES;
				CLANG_WARN_DIRECT_OBJC_ISA_USAGE = YES_ERROR;
				CLANG_WARN_DOCUMENTATION_COMMENTS = YES;
				CLANG_WARN_EMPTY_BODY = YES;
				CLANG_WARN_ENUM_CONVERSION = YES;
				CLANG_WARN_INFINITE_RECURSION = YES;
				CLANG_WARN_INT_CONVERSION = YES;
				CLANG_WARN_NON_LITERAL_NULL_CONVERSION = YES;
				CLANG_WARN_OBJC_IMPLICIT_RETAIN_SELF = YES;
				CLANG_WARN_OBJC_LITERAL_CONVERSION = YES;
				CLANG_WARN_OBJC_ROOT_CLASS = YES_ERROR;
				CLANG_WARN_QUOTED_INCLUDE_IN_FRAMEWORK_HEADER = YES;
				CLANG_WARN_RANGE_LOOP_ANALYSIS = YES;
				CLANG_WARN_STRICT_PROTOTYPES = YES;
				CLANG_WARN_SUSPICIOUS_MOVE = YES;
				CLANG_WARN_UNGUARDED_AVAILABILITY = YES_AGGRESSIVE;
				CLANG_WARN_UNREACHABLE_CODE = YES;
				CLANG_WARN__DUPLICATE_METHOD_MATCH = YES;
				CODE_SIGN_IDENTITY = "iPhone Developer";
				COPY_PHASE_STRIP = NO;
				DEBUG_INFORMATION_FORMAT = "dwarf-with-dsym";
				ENABLE_NS_ASSERTIONS = NO;
				ENABLE_STRICT_OBJC_MSGSEND = YES;
				GCC_C_LANGUAGE_STANDARD = gnu11;
				GCC_NO_COMMON_BLOCKS = YES;
				GCC_WARN_64_TO_32_BIT_CONVERSION = YES;
				GCC_WARN_ABOUT_RETURN_TYPE = YES_ERROR;
				GCC_WARN_UNDECLARED_SELECTOR = YES;
				GCC_WARN_UNINITIALIZED_AUTOS = YES_AGGRESSIVE;
				GCC_WARN_UNUSED_FUNCTION = YES;
				GCC_WARN_UNUSED_VARIABLE = YES;
				IPHONEOS_DEPLOYMENT_TARGET = 11.0;
				MTL_ENABLE_DEBUG_INFO = NO;
				MTL_FAST_MATH = YES;
				SDKROOT = iphoneos;
				SWIFT_COMPILATION_MODE = wholemodule;
				SWIFT_INSTALL_OBJC_HEADER = NO;
				SWIFT_OPTIMIZATION_LEVEL = "-O";
				VALIDATE_PRODUCT = YES;
			};
			name = Release;
		};
		A76EB26B217A58C000EFDBAE /* Debug */ = {
			isa = XCBuildConfiguration;
			baseConfigurationReference = 5AF07B29C48BDC025A84F7C4 /* Pods-NativoSwiftTableViewSample.debug.xcconfig */;
			buildSettings = {
				ASSETCATALOG_COMPILER_APPICON_NAME = AppIcon;
				CODE_SIGN_STYLE = Automatic;
				FRAMEWORK_SEARCH_PATHS = (
					"$(inherited)",
					"$(PROJECT_DIR)",
				);
				INFOPLIST_FILE = NativoSwiftTableViewSample/Info.plist;
				IPHONEOS_DEPLOYMENT_TARGET = 11.0;
				LD_RUNPATH_SEARCH_PATHS = (
					"$(inherited)",
					"@executable_path/Frameworks",
				);
				OTHER_LDFLAGS = "-ObjC";
				PRODUCT_BUNDLE_IDENTIFIER = com.nativo.NativoSwiftTableViewSample;
				PRODUCT_NAME = "$(TARGET_NAME)";
				SWIFT_INSTALL_OBJC_HEADER = NO;
				SWIFT_OPTIMIZATION_LEVEL = "-Onone";
				SWIFT_VERSION = 5.0;
				TARGETED_DEVICE_FAMILY = "1,2";
			};
			name = Debug;
		};
		A76EB26C217A58C000EFDBAE /* Release */ = {
			isa = XCBuildConfiguration;
			baseConfigurationReference = 65DB2CA83A30FA0953B51E99 /* Pods-NativoSwiftTableViewSample.release.xcconfig */;
			buildSettings = {
				ASSETCATALOG_COMPILER_APPICON_NAME = AppIcon;
				CODE_SIGN_STYLE = Automatic;
				FRAMEWORK_SEARCH_PATHS = (
					"$(inherited)",
					"$(PROJECT_DIR)",
				);
				INFOPLIST_FILE = NativoSwiftTableViewSample/Info.plist;
				IPHONEOS_DEPLOYMENT_TARGET = 11.0;
				LD_RUNPATH_SEARCH_PATHS = (
					"$(inherited)",
					"@executable_path/Frameworks",
				);
				OTHER_LDFLAGS = "-ObjC";
				PRODUCT_BUNDLE_IDENTIFIER = com.nativo.NativoSwiftTableViewSample;
				PRODUCT_NAME = "$(TARGET_NAME)";
				SWIFT_INSTALL_OBJC_HEADER = NO;
				SWIFT_OPTIMIZATION_LEVEL = "-Onone";
				SWIFT_VERSION = 5.0;
				TARGETED_DEVICE_FAMILY = "1,2";
			};
			name = Release;
		};
/* End XCBuildConfiguration section */

/* Begin XCConfigurationList section */
		A76EB253217A58BF00EFDBAE /* Build configuration list for PBXProject "NativoSwiftTableViewSample" */ = {
			isa = XCConfigurationList;
			buildConfigurations = (
				A76EB268217A58C000EFDBAE /* Debug */,
				A76EB269217A58C000EFDBAE /* Release */,
			);
			defaultConfigurationIsVisible = 0;
			defaultConfigurationName = Release;
		};
		A76EB26A217A58C000EFDBAE /* Build configuration list for PBXNativeTarget "NativoSwiftTableViewSample" */ = {
			isa = XCConfigurationList;
			buildConfigurations = (
				A76EB26B217A58C000EFDBAE /* Debug */,
				A76EB26C217A58C000EFDBAE /* Release */,
			);
			defaultConfigurationIsVisible = 0;
			defaultConfigurationName = Release;
		};
/* End XCConfigurationList section */
	};
	rootObject = A76EB250217A58BF00EFDBAE /* Project object */;
}
