// !$*UTF8*$!
{
	archiveVersion = 1;
	classes = {
	};
	objectVersion = 51;
	objects = {

/* Begin PBXBuildFile section */
		4268C9AE25CA36AE0061BE8F /* AppDelegate.swift in Sources */ = {isa = PBXBuildFile; fileRef = 4268C9AD25CA36AE0061BE8F /* AppDelegate.swift */; };
		4268C9B025CA36AE0061BE8F /* SceneDelegate.swift in Sources */ = {isa = PBXBuildFile; fileRef = 4268C9AF25CA36AE0061BE8F /* SceneDelegate.swift */; };
		4268C9B725CA36B00061BE8F /* Assets.xcassets in Resources */ = {isa = PBXBuildFile; fileRef = 4268C9B625CA36B00061BE8F /* Assets.xcassets */; };
		4268C9D325CA37CC0061BE8F /* ArticleCell.swift in Sources */ = {isa = PBXBuildFile; fileRef = 4268C9CC25CA37CC0061BE8F /* ArticleCell.swift */; };
		4268C9D425CA37CC0061BE8F /* ArticleViewController.swift in Sources */ = {isa = PBXBuildFile; fileRef = 4268C9CD25CA37CC0061BE8F /* ArticleViewController.swift */; };
		4268C9D525CA37CC0061BE8F /* ArticleViewController.xib in Resources */ = {isa = PBXBuildFile; fileRef = 4268C9CE25CA37CC0061BE8F /* ArticleViewController.xib */; };
		4268C9D625CA37CC0061BE8F /* ArticleListViewController.swift in Sources */ = {isa = PBXBuildFile; fileRef = 4268C9CF25CA37CC0061BE8F /* ArticleListViewController.swift */; };
		4268C9D725CA37CC0061BE8F /* ArticleVideoAdCell.swift in Sources */ = {isa = PBXBuildFile; fileRef = 4268C9D025CA37CC0061BE8F /* ArticleVideoAdCell.swift */; };
		4268C9D825CA37CC0061BE8F /* ArticleCell.xib in Resources */ = {isa = PBXBuildFile; fileRef = 4268C9D125CA37CC0061BE8F /* ArticleCell.xib */; };
		4268C9D925CA37CC0061BE8F /* ArticleVideoAdCell.xib in Resources */ = {isa = PBXBuildFile; fileRef = 4268C9D225CA37CC0061BE8F /* ArticleVideoAdCell.xib */; };
		4268C9E425CA389B0061BE8F /* SponsoredLandingPageViewController.xib in Resources */ = {isa = PBXBuildFile; fileRef = 4268C9E225CA389B0061BE8F /* SponsoredLandingPageViewController.xib */; };
		4268C9E525CA389B0061BE8F /* SponsoredLandingPageViewController.swift in Sources */ = {isa = PBXBuildFile; fileRef = 4268C9E325CA389B0061BE8F /* SponsoredLandingPageViewController.swift */; };
		4268CA0025CA40250061BE8F /* Main.storyboard in Resources */ = {isa = PBXBuildFile; fileRef = 4268C9FC25CA40250061BE8F /* Main.storyboard */; };
		4268CA0125CA40250061BE8F /* LaunchScreen.storyboard in Resources */ = {isa = PBXBuildFile; fileRef = 4268C9FE25CA40250061BE8F /* LaunchScreen.storyboard */; };
		4268CA0425CA42080061BE8F /* nativoblog.json in Resources */ = {isa = PBXBuildFile; fileRef = 4268CA0325CA42080061BE8F /* nativoblog.json */; };
		BB0AE4FB33F22D9DFC2A94F0 /* Pods_NativoGAMIntegrationSample.framework in Frameworks */ = {isa = PBXBuildFile; fileRef = D8E91C8291A6CB75D7E8A468 /* Pods_NativoGAMIntegrationSample.framework */; };
/* End PBXBuildFile section */

/* Begin PBXFileReference section */
		0BEE6E5F1DBEC948899C6B86 /* Pods-NativoGAMIntegrationSample.release.xcconfig */ = {isa = PBXFileReference; includeInIndex = 1; lastKnownFileType = text.xcconfig; name = "Pods-NativoGAMIntegrationSample.release.xcconfig"; path = "Target Support Files/Pods-NativoGAMIntegrationSample/Pods-NativoGAMIntegrationSample.release.xcconfig"; sourceTree = "<group>"; };
		2CCE6331C49EDD58A216ECF3 /* Pods-NativoGAMIntegrationSample.debug.xcconfig */ = {isa = PBXFileReference; includeInIndex = 1; lastKnownFileType = text.xcconfig; name = "Pods-NativoGAMIntegrationSample.debug.xcconfig"; path = "Target Support Files/Pods-NativoGAMIntegrationSample/Pods-NativoGAMIntegrationSample.debug.xcconfig"; sourceTree = "<group>"; };
		4268C9AA25CA36AE0061BE8F /* NativoGAMIntegrationSample.app */ = {isa = PBXFileReference; explicitFileType = wrapper.application; includeInIndex = 0; path = NativoGAMIntegrationSample.app; sourceTree = BUILT_PRODUCTS_DIR; };
		4268C9AD25CA36AE0061BE8F /* AppDelegate.swift */ = {isa = PBXFileReference; lastKnownFileType = sourcecode.swift; path = AppDelegate.swift; sourceTree = "<group>"; };
		4268C9AF25CA36AE0061BE8F /* SceneDelegate.swift */ = {isa = PBXFileReference; lastKnownFileType = sourcecode.swift; path = SceneDelegate.swift; sourceTree = "<group>"; };
		4268C9B625CA36B00061BE8F /* Assets.xcassets */ = {isa = PBXFileReference; lastKnownFileType = folder.assetcatalog; path = Assets.xcassets; sourceTree = "<group>"; };
		4268C9BB25CA36B00061BE8F /* Info.plist */ = {isa = PBXFileReference; lastKnownFileType = text.plist.xml; path = Info.plist; sourceTree = "<group>"; };
		4268C9CC25CA37CC0061BE8F /* ArticleCell.swift */ = {isa = PBXFileReference; fileEncoding = 4; lastKnownFileType = sourcecode.swift; path = ArticleCell.swift; sourceTree = "<group>"; };
		4268C9CD25CA37CC0061BE8F /* ArticleViewController.swift */ = {isa = PBXFileReference; fileEncoding = 4; lastKnownFileType = sourcecode.swift; path = ArticleViewController.swift; sourceTree = "<group>"; };
		4268C9CE25CA37CC0061BE8F /* ArticleViewController.xib */ = {isa = PBXFileReference; fileEncoding = 4; lastKnownFileType = file.xib; path = ArticleViewController.xib; sourceTree = "<group>"; };
		4268C9CF25CA37CC0061BE8F /* ArticleListViewController.swift */ = {isa = PBXFileReference; fileEncoding = 4; lastKnownFileType = sourcecode.swift; path = ArticleListViewController.swift; sourceTree = "<group>"; };
		4268C9D025CA37CC0061BE8F /* ArticleVideoAdCell.swift */ = {isa = PBXFileReference; fileEncoding = 4; lastKnownFileType = sourcecode.swift; path = ArticleVideoAdCell.swift; sourceTree = "<group>"; };
		4268C9D125CA37CC0061BE8F /* ArticleCell.xib */ = {isa = PBXFileReference; fileEncoding = 4; lastKnownFileType = file.xib; path = ArticleCell.xib; sourceTree = "<group>"; };
		4268C9D225CA37CC0061BE8F /* ArticleVideoAdCell.xib */ = {isa = PBXFileReference; fileEncoding = 4; lastKnownFileType = file.xib; path = ArticleVideoAdCell.xib; sourceTree = "<group>"; };
		4268C9E225CA389B0061BE8F /* SponsoredLandingPageViewController.xib */ = {isa = PBXFileReference; fileEncoding = 4; lastKnownFileType = file.xib; path = SponsoredLandingPageViewController.xib; sourceTree = "<group>"; };
		4268C9E325CA389B0061BE8F /* SponsoredLandingPageViewController.swift */ = {isa = PBXFileReference; fileEncoding = 4; lastKnownFileType = sourcecode.swift; path = SponsoredLandingPageViewController.swift; sourceTree = "<group>"; };
		4268C9FD25CA40250061BE8F /* Base */ = {isa = PBXFileReference; lastKnownFileType = file.storyboard; name = Base; path = Base.lproj/Main.storyboard; sourceTree = "<group>"; };
		4268C9FF25CA40250061BE8F /* Base */ = {isa = PBXFileReference; lastKnownFileType = file.storyboard; name = Base; path = Base.lproj/LaunchScreen.storyboard; sourceTree = "<group>"; };
		4268CA0325CA42080061BE8F /* nativoblog.json */ = {isa = PBXFileReference; fileEncoding = 4; lastKnownFileType = text.json; path = nativoblog.json; sourceTree = "<group>"; };
		D8E91C8291A6CB75D7E8A468 /* Pods_NativoGAMIntegrationSample.framework */ = {isa = PBXFileReference; explicitFileType = wrapper.framework; includeInIndex = 0; path = Pods_NativoGAMIntegrationSample.framework; sourceTree = BUILT_PRODUCTS_DIR; };
/* End PBXFileReference section */

/* Begin PBXFrameworksBuildPhase section */
		4268C9A725CA36AE0061BE8F /* Frameworks */ = {
			isa = PBXFrameworksBuildPhase;
			buildActionMask = 2147483647;
			files = (
				BB0AE4FB33F22D9DFC2A94F0 /* Pods_NativoGAMIntegrationSample.framework in Frameworks */,
			);
			runOnlyForDeploymentPostprocessing = 0;
		};
/* End PBXFrameworksBuildPhase section */

/* Begin PBXGroup section */
		4268C9A125CA36AE0061BE8F = {
			isa = PBXGroup;
			children = (
				4268C9AC25CA36AE0061BE8F /* NativoGAMIntegrationSample */,
				4268C9AB25CA36AE0061BE8F /* Products */,
				4AD149C0B42AF85BC4333147 /* Pods */,
				6E7E15C7F56ACEC24F30521B /* Frameworks */,
			);
			sourceTree = "<group>";
		};
		4268C9AB25CA36AE0061BE8F /* Products */ = {
			isa = PBXGroup;
			children = (
				4268C9AA25CA36AE0061BE8F /* NativoGAMIntegrationSample.app */,
			);
			name = Products;
			sourceTree = "<group>";
		};
		4268C9AC25CA36AE0061BE8F /* NativoGAMIntegrationSample */ = {
			isa = PBXGroup;
			children = (
				4268C9AD25CA36AE0061BE8F /* AppDelegate.swift */,
				4268C9AF25CA36AE0061BE8F /* SceneDelegate.swift */,
				4268C9CF25CA37CC0061BE8F /* ArticleListViewController.swift */,
				4268C9CC25CA37CC0061BE8F /* ArticleCell.swift */,
				4268C9D125CA37CC0061BE8F /* ArticleCell.xib */,
				4268C9D025CA37CC0061BE8F /* ArticleVideoAdCell.swift */,
				4268C9D225CA37CC0061BE8F /* ArticleVideoAdCell.xib */,
				4268C9CD25CA37CC0061BE8F /* ArticleViewController.swift */,
				4268C9CE25CA37CC0061BE8F /* ArticleViewController.xib */,
				4268C9E325CA389B0061BE8F /* SponsoredLandingPageViewController.swift */,
				4268C9E225CA389B0061BE8F /* SponsoredLandingPageViewController.xib */,
				4268C9FE25CA40250061BE8F /* LaunchScreen.storyboard */,
				4268C9FC25CA40250061BE8F /* Main.storyboard */,
				4268C9B625CA36B00061BE8F /* Assets.xcassets */,
				4268C9BB25CA36B00061BE8F /* Info.plist */,
				4268CA0325CA42080061BE8F /* nativoblog.json */,
			);
			path = NativoGAMIntegrationSample;
			sourceTree = "<group>";
		};
		4AD149C0B42AF85BC4333147 /* Pods */ = {
			isa = PBXGroup;
			children = (
				2CCE6331C49EDD58A216ECF3 /* Pods-NativoGAMIntegrationSample.debug.xcconfig */,
				0BEE6E5F1DBEC948899C6B86 /* Pods-NativoGAMIntegrationSample.release.xcconfig */,
			);
			path = Pods;
			sourceTree = "<group>";
		};
		6E7E15C7F56ACEC24F30521B /* Frameworks */ = {
			isa = PBXGroup;
			children = (
				D8E91C8291A6CB75D7E8A468 /* Pods_NativoGAMIntegrationSample.framework */,
			);
			name = Frameworks;
			sourceTree = "<group>";
		};
/* End PBXGroup section */

/* Begin PBXNativeTarget section */
		4268C9A925CA36AE0061BE8F /* NativoGAMIntegrationSample */ = {
			isa = PBXNativeTarget;
			buildConfigurationList = 4268C9BE25CA36B00061BE8F /* Build configuration list for PBXNativeTarget "NativoGAMIntegrationSample" */;
			buildPhases = (
				65D7336786262D1618422B14 /* [CP] Check Pods Manifest.lock */,
				4268C9A625CA36AE0061BE8F /* Sources */,
				4268C9A725CA36AE0061BE8F /* Frameworks */,
				4268C9A825CA36AE0061BE8F /* Resources */,
				30DD1D1E9E13EE073746E6D5 /* [CP] Embed Pods Frameworks */,
			);
			buildRules = (
			);
			dependencies = (
			);
			name = NativoGAMIntegrationSample;
			productName = NativoGAMIntegrationSample;
			productReference = 4268C9AA25CA36AE0061BE8F /* NativoGAMIntegrationSample.app */;
			productType = "com.apple.product-type.application";
		};
/* End PBXNativeTarget section */

/* Begin PBXProject section */
		4268C9A225CA36AE0061BE8F /* Project object */ = {
			isa = PBXProject;
			attributes = {
				LastSwiftUpdateCheck = 1240;
				LastUpgradeCheck = 1240;
				TargetAttributes = {
					4268C9A925CA36AE0061BE8F = {
						CreatedOnToolsVersion = 12.4;
					};
				};
			};
			buildConfigurationList = 4268C9A525CA36AE0061BE8F /* Build configuration list for PBXProject "NativoGAMIntegrationSample" */;
			compatibilityVersion = "Xcode 9.3";
			developmentRegion = en;
			hasScannedForEncodings = 0;
			knownRegions = (
				en,
				Base,
			);
			mainGroup = 4268C9A125CA36AE0061BE8F;
			productRefGroup = 4268C9AB25CA36AE0061BE8F /* Products */;
			projectDirPath = "";
			projectRoot = "";
			targets = (
				4268C9A925CA36AE0061BE8F /* NativoGAMIntegrationSample */,
			);
		};
/* End PBXProject section */

/* Begin PBXResourcesBuildPhase section */
		4268C9A825CA36AE0061BE8F /* Resources */ = {
			isa = PBXResourcesBuildPhase;
			buildActionMask = 2147483647;
			files = (
				4268C9E425CA389B0061BE8F /* SponsoredLandingPageViewController.xib in Resources */,
				4268C9D525CA37CC0061BE8F /* ArticleViewController.xib in Resources */,
				4268C9B725CA36B00061BE8F /* Assets.xcassets in Resources */,
				4268CA0025CA40250061BE8F /* Main.storyboard in Resources */,
				4268CA0425CA42080061BE8F /* nativoblog.json in Resources */,
				4268CA0125CA40250061BE8F /* LaunchScreen.storyboard in Resources */,
				4268C9D925CA37CC0061BE8F /* ArticleVideoAdCell.xib in Resources */,
				4268C9D825CA37CC0061BE8F /* ArticleCell.xib in Resources */,
			);
			runOnlyForDeploymentPostprocessing = 0;
		};
/* End PBXResourcesBuildPhase section */

/* Begin PBXShellScriptBuildPhase section */
		30DD1D1E9E13EE073746E6D5 /* [CP] Embed Pods Frameworks */ = {
			isa = PBXShellScriptBuildPhase;
			buildActionMask = 2147483647;
			files = (
			);
			inputFileListPaths = (
				"${PODS_ROOT}/Target Support Files/Pods-NativoGAMIntegrationSample/Pods-NativoGAMIntegrationSample-frameworks-${CONFIGURATION}-input-files.xcfilelist",
			);
			name = "[CP] Embed Pods Frameworks";
			outputFileListPaths = (
				"${PODS_ROOT}/Target Support Files/Pods-NativoGAMIntegrationSample/Pods-NativoGAMIntegrationSample-frameworks-${CONFIGURATION}-output-files.xcfilelist",
			);
			runOnlyForDeploymentPostprocessing = 0;
			shellPath = /bin/sh;
			shellScript = "\"${PODS_ROOT}/Target Support Files/Pods-NativoGAMIntegrationSample/Pods-NativoGAMIntegrationSample-frameworks.sh\"\n";
			showEnvVarsInLog = 0;
		};
		65D7336786262D1618422B14 /* [CP] Check Pods Manifest.lock */ = {
			isa = PBXShellScriptBuildPhase;
			buildActionMask = 2147483647;
			files = (
			);
			inputFileListPaths = (
			);
			inputPaths = (
				"${PODS_PODFILE_DIR_PATH}/Podfile.lock",
				"${PODS_ROOT}/Manifest.lock",
			);
			name = "[CP] Check Pods Manifest.lock";
			outputFileListPaths = (
			);
			outputPaths = (
				"$(DERIVED_FILE_DIR)/Pods-NativoGAMIntegrationSample-checkManifestLockResult.txt",
			);
			runOnlyForDeploymentPostprocessing = 0;
			shellPath = /bin/sh;
			shellScript = "diff \"${PODS_PODFILE_DIR_PATH}/Podfile.lock\" \"${PODS_ROOT}/Manifest.lock\" > /dev/null\nif [ $? != 0 ] ; then\n    # print error to STDERR\n    echo \"error: The sandbox is not in sync with the Podfile.lock. Run 'pod install' or update your CocoaPods installation.\" >&2\n    exit 1\nfi\n# This output is used by Xcode 'outputs' to avoid re-running this script phase.\necho \"SUCCESS\" > \"${SCRIPT_OUTPUT_FILE_0}\"\n";
			showEnvVarsInLog = 0;
		};
/* End PBXShellScriptBuildPhase section */

/* Begin PBXSourcesBuildPhase section */
		4268C9A625CA36AE0061BE8F /* Sources */ = {
			isa = PBXSourcesBuildPhase;
			buildActionMask = 2147483647;
			files = (
				4268C9D725CA37CC0061BE8F /* ArticleVideoAdCell.swift in Sources */,
				4268C9E525CA389B0061BE8F /* SponsoredLandingPageViewController.swift in Sources */,
				4268C9D325CA37CC0061BE8F /* ArticleCell.swift in Sources */,
				4268C9D425CA37CC0061BE8F /* ArticleViewController.swift in Sources */,
				4268C9D625CA37CC0061BE8F /* ArticleListViewController.swift in Sources */,
				4268C9AE25CA36AE0061BE8F /* AppDelegate.swift in Sources */,
				4268C9B025CA36AE0061BE8F /* SceneDelegate.swift in Sources */,
			);
			runOnlyForDeploymentPostprocessing = 0;
		};
/* End PBXSourcesBuildPhase section */

/* Begin PBXVariantGroup section */
		4268C9FC25CA40250061BE8F /* Main.storyboard */ = {
			isa = PBXVariantGroup;
			children = (
				4268C9FD25CA40250061BE8F /* Base */,
			);
			name = Main.storyboard;
			sourceTree = "<group>";
		};
		4268C9FE25CA40250061BE8F /* LaunchScreen.storyboard */ = {
			isa = PBXVariantGroup;
			children = (
				4268C9FF25CA40250061BE8F /* Base */,
			);
			name = LaunchScreen.storyboard;
			sourceTree = "<group>";
		};
/* End PBXVariantGroup section */

/* Begin XCBuildConfiguration section */
		4268C9BC25CA36B00061BE8F /* Debug */ = {
			isa = XCBuildConfiguration;
			buildSettings = {
				ALWAYS_SEARCH_USER_PATHS = NO;
				CLANG_ANALYZER_NONNULL = YES;
				CLANG_ANALYZER_NUMBER_OBJECT_CONVERSION = YES_AGGRESSIVE;
				CLANG_CXX_LANGUAGE_STANDARD = "gnu++14";
				CLANG_CXX_LIBRARY = "libc++";
				CLANG_ENABLE_MODULES = YES;
				CLANG_ENABLE_OBJC_ARC = YES;
				CLANG_ENABLE_OBJC_WEAK = YES;
				CLANG_WARN_BLOCK_CAPTURE_AUTORELEASING = YES;
				CLANG_WARN_BOOL_CONVERSION = YES;
				CLANG_WARN_COMMA = YES;
				CLANG_WARN_CONSTANT_CONVERSION = YES;
				CLANG_WARN_DEPRECATED_OBJC_IMPLEMENTATIONS = YES;
				CLANG_WARN_DIRECT_OBJC_ISA_USAGE = YES_ERROR;
				CLANG_WARN_DOCUMENTATION_COMMENTS = YES;
				CLANG_WARN_EMPTY_BODY = YES;
				CLANG_WARN_ENUM_CONVERSION = YES;
				CLANG_WARN_INFINITE_RECURSION = YES;
				CLANG_WARN_INT_CONVERSION = YES;
				CLANG_WARN_NON_LITERAL_NULL_CONVERSION = YES;
				CLANG_WARN_OBJC_IMPLICIT_RETAIN_SELF = YES;
				CLANG_WARN_OBJC_LITERAL_CONVERSION = YES;
				CLANG_WARN_OBJC_ROOT_CLASS = YES_ERROR;
				CLANG_WARN_QUOTED_INCLUDE_IN_FRAMEWORK_HEADER = YES;
				CLANG_WARN_RANGE_LOOP_ANALYSIS = YES;
				CLANG_WARN_STRICT_PROTOTYPES = YES;
				CLANG_WARN_SUSPICIOUS_MOVE = YES;
				CLANG_WARN_UNGUARDED_AVAILABILITY = YES_AGGRESSIVE;
				CLANG_WARN_UNREACHABLE_CODE = YES;
				CLANG_WARN__DUPLICATE_METHOD_MATCH = YES;
				COPY_PHASE_STRIP = NO;
				DEBUG_INFORMATION_FORMAT = dwarf;
				ENABLE_STRICT_OBJC_MSGSEND = YES;
				ENABLE_TESTABILITY = YES;
				GCC_C_LANGUAGE_STANDARD = gnu11;
				GCC_DYNAMIC_NO_PIC = NO;
				GCC_NO_COMMON_BLOCKS = YES;
				GCC_OPTIMIZATION_LEVEL = 0;
				GCC_PREPROCESSOR_DEFINITIONS = (
					"DEBUG=1",
					"$(inherited)",
				);
				GCC_WARN_64_TO_32_BIT_CONVERSION = YES;
				GCC_WARN_ABOUT_RETURN_TYPE = YES_ERROR;
				GCC_WARN_UNDECLARED_SELECTOR = YES;
				GCC_WARN_UNINITIALIZED_AUTOS = YES_AGGRESSIVE;
				GCC_WARN_UNUSED_FUNCTION = YES;
				GCC_WARN_UNUSED_VARIABLE = YES;
				IPHONEOS_DEPLOYMENT_TARGET = 14.4;
				MTL_ENABLE_DEBUG_INFO = INCLUDE_SOURCE;
				MTL_FAST_MATH = YES;
				ONLY_ACTIVE_ARCH = YES;
				SDKROOT = iphoneos;
				SWIFT_ACTIVE_COMPILATION_CONDITIONS = DEBUG;
				SWIFT_OPTIMIZATION_LEVEL = "-Onone";
			};
			name = Debug;
		};
		4268C9BD25CA36B00061BE8F /* Release */ = {
			isa = XCBuildConfiguration;
			buildSettings = {
				ALWAYS_SEARCH_USER_PATHS = NO;
				CLANG_ANALYZER_NONNULL = YES;
				CLANG_ANALYZER_NUMBER_OBJECT_CONVERSION = YES_AGGRESSIVE;
				CLANG_CXX_LANGUAGE_STANDARD = "gnu++14";
				CLANG_CXX_LIBRARY = "libc++";
				CLANG_ENABLE_MODULES = YES;
				CLANG_ENABLE_OBJC_ARC = YES;
				CLANG_ENABLE_OBJC_WEAK = YES;
				CLANG_WARN_BLOCK_CAPTURE_AUTORELEASING = YES;
				CLANG_WARN_BOOL_CONVERSION = YES;
				CLANG_WARN_COMMA = YES;
				CLANG_WARN_CONSTANT_CONVERSION = YES;
				CLANG_WARN_DEPRECATED_OBJC_IMPLEMENTATIONS = YES;
				CLANG_WARN_DIRECT_OBJC_ISA_USAGE = YES_ERROR;
				CLANG_WARN_DOCUMENTATION_COMMENTS = YES;
				CLANG_WARN_EMPTY_BODY = YES;
				CLANG_WARN_ENUM_CONVERSION = YES;
				CLANG_WARN_INFINITE_RECURSION = YES;
				CLANG_WARN_INT_CONVERSION = YES;
				CLANG_WARN_NON_LITERAL_NULL_CONVERSION = YES;
				CLANG_WARN_OBJC_IMPLICIT_RETAIN_SELF = YES;
				CLANG_WARN_OBJC_LITERAL_CONVERSION = YES;
				CLANG_WARN_OBJC_ROOT_CLASS = YES_ERROR;
				CLANG_WARN_QUOTED_INCLUDE_IN_FRAMEWORK_HEADER = YES;
				CLANG_WARN_RANGE_LOOP_ANALYSIS = YES;
				CLANG_WARN_STRICT_PROTOTYPES = YES;
				CLANG_WARN_SUSPICIOUS_MOVE = YES;
				CLANG_WARN_UNGUARDED_AVAILABILITY = YES_AGGRESSIVE;
				CLANG_WARN_UNREACHABLE_CODE = YES;
				CLANG_WARN__DUPLICATE_METHOD_MATCH = YES;
				COPY_PHASE_STRIP = NO;
				DEBUG_INFORMATION_FORMAT = "dwarf-with-dsym";
				ENABLE_NS_ASSERTIONS = NO;
				ENABLE_STRICT_OBJC_MSGSEND = YES;
				GCC_C_LANGUAGE_STANDARD = gnu11;
				GCC_NO_COMMON_BLOCKS = YES;
				GCC_WARN_64_TO_32_BIT_CONVERSION = YES;
				GCC_WARN_ABOUT_RETURN_TYPE = YES_ERROR;
				GCC_WARN_UNDECLARED_SELECTOR = YES;
				GCC_WARN_UNINITIALIZED_AUTOS = YES_AGGRESSIVE;
				GCC_WARN_UNUSED_FUNCTION = YES;
				GCC_WARN_UNUSED_VARIABLE = YES;
				IPHONEOS_DEPLOYMENT_TARGET = 14.4;
				MTL_ENABLE_DEBUG_INFO = NO;
				MTL_FAST_MATH = YES;
				SDKROOT = iphoneos;
				SWIFT_COMPILATION_MODE = wholemodule;
				SWIFT_OPTIMIZATION_LEVEL = "-O";
				VALIDATE_PRODUCT = YES;
			};
			name = Release;
		};
		4268C9BF25CA36B00061BE8F /* Debug */ = {
			isa = XCBuildConfiguration;
			baseConfigurationReference = 2CCE6331C49EDD58A216ECF3 /* Pods-NativoGAMIntegrationSample.debug.xcconfig */;
			buildSettings = {
				ASSETCATALOG_COMPILER_APPICON_NAME = AppIcon;
				ASSETCATALOG_COMPILER_GLOBAL_ACCENT_COLOR_NAME = AccentColor;
				CODE_SIGN_STYLE = Automatic;
				DEVELOPMENT_TEAM = 7Z5P9C9T95;
				INFOPLIST_FILE = NativoGAMIntegrationSample/Info.plist;
				IPHONEOS_DEPLOYMENT_TARGET = 13.0;
				LD_RUNPATH_SEARCH_PATHS = (
					"$(inherited)",
					"@executable_path/Frameworks",
				);
				PRODUCT_BUNDLE_IDENTIFIER = nativo.gamIntegrationSample;
				PRODUCT_NAME = "$(TARGET_NAME)";
				SWIFT_VERSION = 5.0;
				TARGETED_DEVICE_FAMILY = "1,2";
			};
			name = Debug;
		};
		4268C9C025CA36B00061BE8F /* Release */ = {
			isa = XCBuildConfiguration;
			baseConfigurationReference = 0BEE6E5F1DBEC948899C6B86 /* Pods-NativoGAMIntegrationSample.release.xcconfig */;
			buildSettings = {
				ASSETCATALOG_COMPILER_APPICON_NAME = AppIcon;
				ASSETCATALOG_COMPILER_GLOBAL_ACCENT_COLOR_NAME = AccentColor;
				CODE_SIGN_STYLE = Automatic;
				DEVELOPMENT_TEAM = 7Z5P9C9T95;
				INFOPLIST_FILE = NativoGAMIntegrationSample/Info.plist;
				IPHONEOS_DEPLOYMENT_TARGET = 13.0;
				LD_RUNPATH_SEARCH_PATHS = (
					"$(inherited)",
					"@executable_path/Frameworks",
				);
				PRODUCT_BUNDLE_IDENTIFIER = nativo.gamIntegrationSample;
				PRODUCT_NAME = "$(TARGET_NAME)";
				SWIFT_VERSION = 5.0;
				TARGETED_DEVICE_FAMILY = "1,2";
			};
			name = Release;
		};
/* End XCBuildConfiguration section */

/* Begin XCConfigurationList section */
		4268C9A525CA36AE0061BE8F /* Build configuration list for PBXProject "NativoGAMIntegrationSample" */ = {
			isa = XCConfigurationList;
			buildConfigurations = (
				4268C9BC25CA36B00061BE8F /* Debug */,
				4268C9BD25CA36B00061BE8F /* Release */,
			);
			defaultConfigurationIsVisible = 0;
			defaultConfigurationName = Release;
		};
		4268C9BE25CA36B00061BE8F /* Build configuration list for PBXNativeTarget "NativoGAMIntegrationSample" */ = {
			isa = XCConfigurationList;
			buildConfigurations = (
				4268C9BF25CA36B00061BE8F /* Debug */,
				4268C9C025CA36B00061BE8F /* Release */,
			);
			defaultConfigurationIsVisible = 0;
			defaultConfigurationName = Release;
		};
/* End XCConfigurationList section */
	};
	rootObject = 4268C9A225CA36AE0061BE8F /* Project object */;
}
